
Microsoft Visual Studio Solution File, Format Version 12.00
Project("{FAE04EC0-301F-11D3-BF4B-00C04F79EFBC}") = "Frontend", "Frontend\Frontend.csproj", "{9667BD79-BD6B-4022-8FEE-E664E7D4BB79}"
EndProject
Global
	GlobalSection(SolutionConfigurationPlatforms) = preSolution
		Debug|Any CPU = Debug|Any CPU
		Release|Any CPU = Release|Any CPU
	EndGlobalSection
	GlobalSection(ProjectConfigurationPlatforms) = postSolution
		{9667BD79-BD6B-4022-8FEE-E664E7D4BB79}.Debug|Any CPU.ActiveCfg = Debug|Any CPU
		{9667BD79-BD6B-4022-8FEE-E664E7D4BB79}.Debug|Any CPU.Build.0 = Debug|Any CPU
		{9667BD79-BD6B-4022-8FEE-E664E7D4BB79}.Release|Any CPU.ActiveCfg = Release|Any CPU
		{9667BD79-BD6B-4022-8FEE-E664E7D4BB79}.Release|Any CPU.Build.0 = Release|Any CPU
	EndGlobalSection
EndGlobal
